// !$*UTF8*$!
{
	archiveVersion = 1;
	classes = {
	};
	objectVersion = 46;
	objects = {

/* Begin PBXBuildFile section */
		440024161BD76A5B00249078 /* Calender.storyboard in Resources */ = {isa = PBXBuildFile; fileRef = 440024151BD76A5B00249078 /* Calender.storyboard */; settings = {ASSET_TAGS = (); }; };
		440024181BD76A7000249078 /* Note.storyboard in Resources */ = {isa = PBXBuildFile; fileRef = 440024171BD76A7000249078 /* Note.storyboard */; settings = {ASSET_TAGS = (); }; };
		440024221BD7829C00249078 /* 日曆.png in Resources */ = {isa = PBXBuildFile; fileRef = 440024191BD7829C00249078 /* 日曆.png */; settings = {ASSET_TAGS = (); }; };
		440024231BD7829C00249078 /* 書櫃 + books.png in Resources */ = {isa = PBXBuildFile; fileRef = 4400241A1BD7829C00249078 /* 書櫃 + books.png */; settings = {ASSET_TAGS = (); }; };
		440024241BD7829C00249078 /* 燈.png in Resources */ = {isa = PBXBuildFile; fileRef = 4400241B1BD7829C00249078 /* 燈.png */; settings = {ASSET_TAGS = (); }; };
		440024251BD7829C00249078 /* ball.png in Resources */ = {isa = PBXBuildFile; fileRef = 4400241C1BD7829C00249078 /* ball.png */; settings = {ASSET_TAGS = (); }; };
		440024261BD7829C00249078 /* BGimage.png in Resources */ = {isa = PBXBuildFile; fileRef = 4400241D1BD7829C00249078 /* BGimage.png */; settings = {ASSET_TAGS = (); }; };
		440024271BD7829C00249078 /* dog.png in Resources */ = {isa = PBXBuildFile; fileRef = 4400241E1BD7829C00249078 /* dog.png */; settings = {ASSET_TAGS = (); }; };
		440024281BD7829C00249078 /* map.png in Resources */ = {isa = PBXBuildFile; fileRef = 4400241F1BD7829C00249078 /* map.png */; settings = {ASSET_TAGS = (); }; };
		440024291BD7829C00249078 /* Note.png in Resources */ = {isa = PBXBuildFile; fileRef = 440024201BD7829C00249078 /* Note.png */; settings = {ASSET_TAGS = (); }; };
		4400242A1BD7829C00249078 /* photos.png in Resources */ = {isa = PBXBuildFile; fileRef = 440024211BD7829C00249078 /* photos.png */; settings = {ASSET_TAGS = (); }; };
		4403FCB21BC3F18E00974B7B /* Map.storyboard in Resources */ = {isa = PBXBuildFile; fileRef = 4403FCB11BC3F18E00974B7B /* Map.storyboard */; };
		4448AB191BD79AA800BE9F81 /* Taiwan.png in Resources */ = {isa = PBXBuildFile; fileRef = 4448AB141BD79AA800BE9F81 /* Taiwan.png */; settings = {ASSET_TAGS = (); }; };
		4448AB1A1BD79AA800BE9F81 /* Taiwan@2x.png in Resources */ = {isa = PBXBuildFile; fileRef = 4448AB151BD79AA800BE9F81 /* Taiwan@2x.png */; settings = {ASSET_TAGS = (); }; };
		4448AB1B1BD79AA800BE9F81 /* MapViewController.m in Sources */ = {isa = PBXBuildFile; fileRef = 4448AB171BD79AA800BE9F81 /* MapViewController.m */; settings = {ASSET_TAGS = (); }; };
		4448AB1C1BD79AA800BE9F81 /* Property List.plist in Resources */ = {isa = PBXBuildFile; fileRef = 4448AB181BD79AA800BE9F81 /* Property List.plist */; settings = {ASSET_TAGS = (); }; };
		4448AB231BD79AE200BE9F81 /* MapOverlay.m in Sources */ = {isa = PBXBuildFile; fileRef = 4448AB1E1BD79AE200BE9F81 /* MapOverlay.m */; settings = {ASSET_TAGS = (); }; };
		4448AB241BD79AE200BE9F81 /* MapOverlayView.m in Sources */ = {isa = PBXBuildFile; fileRef = 4448AB201BD79AE200BE9F81 /* MapOverlayView.m */; settings = {ASSET_TAGS = (); }; };
		4448AB251BD79AE200BE9F81 /* Taiwan.m in Sources */ = {isa = PBXBuildFile; fileRef = 4448AB221BD79AE200BE9F81 /* Taiwan.m */; settings = {ASSET_TAGS = (); }; };
		C1F10AE01BB3D4AB0094CBB1 /* main.m in Sources */ = {isa = PBXBuildFile; fileRef = C1F10ADF1BB3D4AB0094CBB1 /* main.m */; };
		C1F10AE31BB3D4AB0094CBB1 /* AppDelegate.m in Sources */ = {isa = PBXBuildFile; fileRef = C1F10AE21BB3D4AB0094CBB1 /* AppDelegate.m */; };
		C1F10AE61BB3D4AB0094CBB1 /* ViewController.m in Sources */ = {isa = PBXBuildFile; fileRef = C1F10AE51BB3D4AB0094CBB1 /* ViewController.m */; };
		C1F10AE91BB3D4AB0094CBB1 /* Main.storyboard in Resources */ = {isa = PBXBuildFile; fileRef = C1F10AE71BB3D4AB0094CBB1 /* Main.storyboard */; };
		C1F10AEC1BB3D4AB0094CBB1 /* OurTimes.xcdatamodeld in Sources */ = {isa = PBXBuildFile; fileRef = C1F10AEA1BB3D4AB0094CBB1 /* OurTimes.xcdatamodeld */; };
		C1F10AEE1BB3D4AB0094CBB1 /* Assets.xcassets in Resources */ = {isa = PBXBuildFile; fileRef = C1F10AED1BB3D4AB0094CBB1 /* Assets.xcassets */; };
		C1F10AF11BB3D4AB0094CBB1 /* LaunchScreen.storyboard in Resources */ = {isa = PBXBuildFile; fileRef = C1F10AEF1BB3D4AB0094CBB1 /* LaunchScreen.storyboard */; };
/* End PBXBuildFile section */

/* Begin PBXFileReference section */
		440024151BD76A5B00249078 /* Calender.storyboard */ = {isa = PBXFileReference; fileEncoding = 4; lastKnownFileType = file.storyboard; path = Calender.storyboard; sourceTree = "<group>"; };
		440024171BD76A7000249078 /* Note.storyboard */ = {isa = PBXFileReference; fileEncoding = 4; lastKnownFileType = file.storyboard; path = Note.storyboard; sourceTree = "<group>"; };
		440024191BD7829C00249078 /* 日曆.png */ = {isa = PBXFileReference; lastKnownFileType = image.png; path = "日曆.png"; sourceTree = "<group>"; };
		4400241A1BD7829C00249078 /* 書櫃 + books.png */ = {isa = PBXFileReference; lastKnownFileType = image.png; path = "書櫃 + books.png"; sourceTree = "<group>"; };
		4400241B1BD7829C00249078 /* 燈.png */ = {isa = PBXFileReference; lastKnownFileType = image.png; path = "燈.png"; sourceTree = "<group>"; };
		4400241C1BD7829C00249078 /* ball.png */ = {isa = PBXFileReference; lastKnownFileType = image.png; path = ball.png; sourceTree = "<group>"; };
		4400241D1BD7829C00249078 /* BGimage.png */ = {isa = PBXFileReference; lastKnownFileType = image.png; path = BGimage.png; sourceTree = "<group>"; };
		4400241E1BD7829C00249078 /* dog.png */ = {isa = PBXFileReference; lastKnownFileType = image.png; path = dog.png; sourceTree = "<group>"; };
		4400241F1BD7829C00249078 /* map.png */ = {isa = PBXFileReference; lastKnownFileType = image.png; path = map.png; sourceTree = "<group>"; };
		440024201BD7829C00249078 /* Note.png */ = {isa = PBXFileReference; lastKnownFileType = image.png; path = Note.png; sourceTree = "<group>"; };
		440024211BD7829C00249078 /* photos.png */ = {isa = PBXFileReference; lastKnownFileType = image.png; path = photos.png; sourceTree = "<group>"; };
		4403FCB11BC3F18E00974B7B /* Map.storyboard */ = {isa = PBXFileReference; fileEncoding = 4; lastKnownFileType = file.storyboard; name = Map.storyboard; path = ../Map.storyboard; sourceTree = "<group>"; };
		4448AB141BD79AA800BE9F81 /* Taiwan.png */ = {isa = PBXFileReference; lastKnownFileType = image.png; path = Taiwan.png; sourceTree = "<group>"; };
		4448AB151BD79AA800BE9F81 /* Taiwan@2x.png */ = {isa = PBXFileReference; lastKnownFileType = image.png; path = "Taiwan@2x.png"; sourceTree = "<group>"; };
		4448AB161BD79AA800BE9F81 /* MapViewController.h */ = {isa = PBXFileReference; fileEncoding = 4; lastKnownFileType = sourcecode.c.h; path = MapViewController.h; sourceTree = "<group>"; };
		4448AB171BD79AA800BE9F81 /* MapViewController.m */ = {isa = PBXFileReference; fileEncoding = 4; lastKnownFileType = sourcecode.c.objc; path = MapViewController.m; sourceTree = "<group>"; };
		4448AB181BD79AA800BE9F81 /* Property List.plist */ = {isa = PBXFileReference; fileEncoding = 4; lastKnownFileType = text.plist.xml; path = "Property List.plist"; sourceTree = "<group>"; };
		4448AB1D1BD79AE200BE9F81 /* MapOverlay.h */ = {isa = PBXFileReference; fileEncoding = 4; lastKnownFileType = sourcecode.c.h; path = MapOverlay.h; sourceTree = "<group>"; };
		4448AB1E1BD79AE200BE9F81 /* MapOverlay.m */ = {isa = PBXFileReference; fileEncoding = 4; lastKnownFileType = sourcecode.c.objc; path = MapOverlay.m; sourceTree = "<group>"; };
		4448AB1F1BD79AE200BE9F81 /* MapOverlayView.h */ = {isa = PBXFileReference; fileEncoding = 4; lastKnownFileType = sourcecode.c.h; path = MapOverlayView.h; sourceTree = "<group>"; };
		4448AB201BD79AE200BE9F81 /* MapOverlayView.m */ = {isa = PBXFileReference; fileEncoding = 4; lastKnownFileType = sourcecode.c.objc; path = MapOverlayView.m; sourceTree = "<group>"; };
		4448AB211BD79AE200BE9F81 /* Taiwan.h */ = {isa = PBXFileReference; fileEncoding = 4; lastKnownFileType = sourcecode.c.h; path = Taiwan.h; sourceTree = "<group>"; };
		4448AB221BD79AE200BE9F81 /* Taiwan.m */ = {isa = PBXFileReference; fileEncoding = 4; lastKnownFileType = sourcecode.c.objc; path = Taiwan.m; sourceTree = "<group>"; };
		C1F10ADB1BB3D4AB0094CBB1 /* OurTimes.app */ = {isa = PBXFileReference; explicitFileType = wrapper.application; includeInIndex = 0; path = OurTimes.app; sourceTree = BUILT_PRODUCTS_DIR; };
		C1F10ADF1BB3D4AB0094CBB1 /* main.m */ = {isa = PBXFileReference; lastKnownFileType = sourcecode.c.objc; path = main.m; sourceTree = "<group>"; };
		C1F10AE11BB3D4AB0094CBB1 /* AppDelegate.h */ = {isa = PBXFileReference; lastKnownFileType = sourcecode.c.h; path = AppDelegate.h; sourceTree = "<group>"; };
		C1F10AE21BB3D4AB0094CBB1 /* AppDelegate.m */ = {isa = PBXFileReference; lastKnownFileType = sourcecode.c.objc; path = AppDelegate.m; sourceTree = "<group>"; };
		C1F10AE41BB3D4AB0094CBB1 /* ViewController.h */ = {isa = PBXFileReference; lastKnownFileType = sourcecode.c.h; path = ViewController.h; sourceTree = "<group>"; };
		C1F10AE51BB3D4AB0094CBB1 /* ViewController.m */ = {isa = PBXFileReference; lastKnownFileType = sourcecode.c.objc; path = ViewController.m; sourceTree = "<group>"; };
		C1F10AE81BB3D4AB0094CBB1 /* Base */ = {isa = PBXFileReference; lastKnownFileType = file.storyboard; name = Base; path = Base.lproj/Main.storyboard; sourceTree = "<group>"; };
		C1F10AEB1BB3D4AB0094CBB1 /* OurTimes.xcdatamodel */ = {isa = PBXFileReference; lastKnownFileType = wrapper.xcdatamodel; path = OurTimes.xcdatamodel; sourceTree = "<group>"; };
		C1F10AED1BB3D4AB0094CBB1 /* Assets.xcassets */ = {isa = PBXFileReference; lastKnownFileType = folder.assetcatalog; path = Assets.xcassets; sourceTree = "<group>"; };
		C1F10AF01BB3D4AB0094CBB1 /* Base */ = {isa = PBXFileReference; lastKnownFileType = file.storyboard; name = Base; path = Base.lproj/LaunchScreen.storyboard; sourceTree = "<group>"; };
		C1F10AF21BB3D4AB0094CBB1 /* Info.plist */ = {isa = PBXFileReference; lastKnownFileType = text.plist.xml; path = Info.plist; sourceTree = "<group>"; };
/* End PBXFileReference section */

/* Begin PBXFrameworksBuildPhase section */
		C1F10AD81BB3D4AB0094CBB1 /* Frameworks */ = {
			isa = PBXFrameworksBuildPhase;
			buildActionMask = 2147483647;
			files = (
			);
			runOnlyForDeploymentPostprocessing = 0;
		};
/* End PBXFrameworksBuildPhase section */

/* Begin PBXGroup section */
		4400242B1BD782A400249078 /* images */ = {
			isa = PBXGroup;
			children = (
				4448AB141BD79AA800BE9F81 /* Taiwan.png */,
				4448AB151BD79AA800BE9F81 /* Taiwan@2x.png */,
				440024191BD7829C00249078 /* 日曆.png */,
				4400241A1BD7829C00249078 /* 書櫃 + books.png */,
				4400241B1BD7829C00249078 /* 燈.png */,
				4400241C1BD7829C00249078 /* ball.png */,
				4400241D1BD7829C00249078 /* BGimage.png */,
				4400241E1BD7829C00249078 /* dog.png */,
				4400241F1BD7829C00249078 /* map.png */,
				440024201BD7829C00249078 /* Note.png */,
				440024211BD7829C00249078 /* photos.png */,
			);
			name = images;
			sourceTree = "<group>";
		};
		4448AB261BD79AF300BE9F81 /* Mobel */ = {
			isa = PBXGroup;
			children = (
				4448AB211BD79AE200BE9F81 /* Taiwan.h */,
				4448AB221BD79AE200BE9F81 /* Taiwan.m */,
			);
			name = Mobel;
			sourceTree = "<group>";
		};
		4448AB271BD79B0800BE9F81 /* Overlays */ = {
			isa = PBXGroup;
			children = (
				4448AB1D1BD79AE200BE9F81 /* MapOverlay.h */,
				4448AB1E1BD79AE200BE9F81 /* MapOverlay.m */,
				4448AB1F1BD79AE200BE9F81 /* MapOverlayView.h */,
				4448AB201BD79AE200BE9F81 /* MapOverlayView.m */,
			);
			name = Overlays;
			sourceTree = "<group>";
		};
		4448AB281BD79B1800BE9F81 /* Map */ = {
			isa = PBXGroup;
			children = (
				4448AB271BD79B0800BE9F81 /* Overlays */,
				4448AB261BD79AF300BE9F81 /* Mobel */,
				4448AB161BD79AA800BE9F81 /* MapViewController.h */,
				4448AB171BD79AA800BE9F81 /* MapViewController.m */,
			);
			name = Map;
			sourceTree = "<group>";
		};
		C1F10AD21BB3D4AB0094CBB1 = {
			isa = PBXGroup;
			children = (
				C1F10ADD1BB3D4AB0094CBB1 /* OurTimes */,
				C1F10ADC1BB3D4AB0094CBB1 /* Products */,
			);
			sourceTree = "<group>";
		};
		C1F10ADC1BB3D4AB0094CBB1 /* Products */ = {
			isa = PBXGroup;
			children = (
				C1F10ADB1BB3D4AB0094CBB1 /* OurTimes.app */,
			);
			name = Products;
			sourceTree = "<group>";
		};
		C1F10ADD1BB3D4AB0094CBB1 /* OurTimes */ = {
			isa = PBXGroup;
			children = (
				4448AB281BD79B1800BE9F81 /* Map */,
				4400242B1BD782A400249078 /* images */,
				C1F10AE11BB3D4AB0094CBB1 /* AppDelegate.h */,
				C1F10AE21BB3D4AB0094CBB1 /* AppDelegate.m */,
				C1F10AE41BB3D4AB0094CBB1 /* ViewController.h */,
				C1F10AE51BB3D4AB0094CBB1 /* ViewController.m */,
				4403FCB11BC3F18E00974B7B /* Map.storyboard */,
				C1F10AE71BB3D4AB0094CBB1 /* Main.storyboard */,
				440024151BD76A5B00249078 /* Calender.storyboard */,
				440024171BD76A7000249078 /* Note.storyboard */,
				C1F10AED1BB3D4AB0094CBB1 /* Assets.xcassets */,
				C1F10AEF1BB3D4AB0094CBB1 /* LaunchScreen.storyboard */,
				C1F10AF21BB3D4AB0094CBB1 /* Info.plist */,
				4448AB181BD79AA800BE9F81 /* Property List.plist */,
				C1F10AEA1BB3D4AB0094CBB1 /* OurTimes.xcdatamodeld */,
				C1F10ADE1BB3D4AB0094CBB1 /* Supporting Files */,
			);
			path = OurTimes;
			sourceTree = "<group>";
		};
		C1F10ADE1BB3D4AB0094CBB1 /* Supporting Files */ = {
			isa = PBXGroup;
			children = (
				C1F10ADF1BB3D4AB0094CBB1 /* main.m */,
			);
			name = "Supporting Files";
			sourceTree = "<group>";
		};
/* End PBXGroup section */

/* Begin PBXNativeTarget section */
		C1F10ADA1BB3D4AB0094CBB1 /* OurTimes */ = {
			isa = PBXNativeTarget;
			buildConfigurationList = C1F10AF51BB3D4AB0094CBB1 /* Build configuration list for PBXNativeTarget "OurTimes" */;
			buildPhases = (
				C1F10AD71BB3D4AB0094CBB1 /* Sources */,
				C1F10AD81BB3D4AB0094CBB1 /* Frameworks */,
				C1F10AD91BB3D4AB0094CBB1 /* Resources */,
			);
			buildRules = (
			);
			dependencies = (
			);
			name = OurTimes;
			productName = OurTimes;
			productReference = C1F10ADB1BB3D4AB0094CBB1 /* OurTimes.app */;
			productType = "com.apple.product-type.application";
		};
/* End PBXNativeTarget section */

/* Begin PBXProject section */
		C1F10AD31BB3D4AB0094CBB1 /* Project object */ = {
			isa = PBXProject;
			attributes = {
				LastUpgradeCheck = 0700;
				ORGANIZATIONNAME = "Hong Kun Zhan";
				TargetAttributes = {
					C1F10ADA1BB3D4AB0094CBB1 = {
						CreatedOnToolsVersion = 7.0;
					};
				};
			};
			buildConfigurationList = C1F10AD61BB3D4AB0094CBB1 /* Build configuration list for PBXProject "OurTimes" */;
			compatibilityVersion = "Xcode 3.2";
			developmentRegion = English;
			hasScannedForEncodings = 0;
			knownRegions = (
				en,
				Base,
			);
			mainGroup = C1F10AD21BB3D4AB0094CBB1;
			productRefGroup = C1F10ADC1BB3D4AB0094CBB1 /* Products */;
			projectDirPath = "";
			projectRoot = "";
			targets = (
				C1F10ADA1BB3D4AB0094CBB1 /* OurTimes */,
			);
		};
/* End PBXProject section */

/* Begin PBXResourcesBuildPhase section */
		C1F10AD91BB3D4AB0094CBB1 /* Resources */ = {
			isa = PBXResourcesBuildPhase;
			buildActionMask = 2147483647;
			files = (
				4448AB1C1BD79AA800BE9F81 /* Property List.plist in Resources */,
				4400242A1BD7829C00249078 /* photos.png in Resources */,
				4448AB191BD79AA800BE9F81 /* Taiwan.png in Resources */,
				440024271BD7829C00249078 /* dog.png in Resources */,
				440024161BD76A5B00249078 /* Calender.storyboard in Resources */,
				440024281BD7829C00249078 /* map.png in Resources */,
				440024291BD7829C00249078 /* Note.png in Resources */,
				C1F10AF11BB3D4AB0094CBB1 /* LaunchScreen.storyboard in Resources */,
				440024181BD76A7000249078 /* Note.storyboard in Resources */,
				C1F10AEE1BB3D4AB0094CBB1 /* Assets.xcassets in Resources */,
				4448AB1A1BD79AA800BE9F81 /* Taiwan@2x.png in Resources */,
				C1F10AE91BB3D4AB0094CBB1 /* Main.storyboard in Resources */,
				440024231BD7829C00249078 /* 書櫃 + books.png in Resources */,
				440024251BD7829C00249078 /* ball.png in Resources */,
				440024241BD7829C00249078 /* 燈.png in Resources */,
				440024221BD7829C00249078 /* 日曆.png in Resources */,
				440024261BD7829C00249078 /* BGimage.png in Resources */,
				4403FCB21BC3F18E00974B7B /* Map.storyboard in Resources */,
			);
			runOnlyForDeploymentPostprocessing = 0;
		};
/* End PBXResourcesBuildPhase section */

/* Begin PBXSourcesBuildPhase section */
		C1F10AD71BB3D4AB0094CBB1 /* Sources */ = {
			isa = PBXSourcesBuildPhase;
			buildActionMask = 2147483647;
			files = (
				C1F10AE61BB3D4AB0094CBB1 /* ViewController.m in Sources */,
				4448AB231BD79AE200BE9F81 /* MapOverlay.m in Sources */,
				C1F10AEC1BB3D4AB0094CBB1 /* OurTimes.xcdatamodeld in Sources */,
				4448AB1B1BD79AA800BE9F81 /* MapViewController.m in Sources */,
				4448AB241BD79AE200BE9F81 /* MapOverlayView.m in Sources */,
				C1F10AE31BB3D4AB0094CBB1 /* AppDelegate.m in Sources */,
				C1F10AE01BB3D4AB0094CBB1 /* main.m in Sources */,
				4448AB251BD79AE200BE9F81 /* Taiwan.m in Sources */,
			);
			runOnlyForDeploymentPostprocessing = 0;
		};
/* End PBXSourcesBuildPhase section */

/* Begin PBXVariantGroup section */
		C1F10AE71BB3D4AB0094CBB1 /* Main.storyboard */ = {
			isa = PBXVariantGroup;
			children = (
				C1F10AE81BB3D4AB0094CBB1 /* Base */,
			);
			name = Main.storyboard;
			sourceTree = "<group>";
		};
		C1F10AEF1BB3D4AB0094CBB1 /* LaunchScreen.storyboard */ = {
			isa = PBXVariantGroup;
			children = (
				C1F10AF01BB3D4AB0094CBB1 /* Base */,
			);
			name = LaunchScreen.storyboard;
			sourceTree = "<group>";
		};
/* End PBXVariantGroup section */

/* Begin XCBuildConfiguration section */
		C1F10AF31BB3D4AB0094CBB1 /* Debug */ = {
			isa = XCBuildConfiguration;
			buildSettings = {
				ALWAYS_SEARCH_USER_PATHS = NO;
				CLANG_CXX_LANGUAGE_STANDARD = "gnu++0x";
				CLANG_CXX_LIBRARY = "libc++";
				CLANG_ENABLE_MODULES = YES;
				CLANG_ENABLE_OBJC_ARC = YES;
				CLANG_WARN_BOOL_CONVERSION = YES;
				CLANG_WARN_CONSTANT_CONVERSION = YES;
				CLANG_WARN_DIRECT_OBJC_ISA_USAGE = YES_ERROR;
				CLANG_WARN_EMPTY_BODY = YES;
				CLANG_WARN_ENUM_CONVERSION = YES;
				CLANG_WARN_INT_CONVERSION = YES;
				CLANG_WARN_OBJC_ROOT_CLASS = YES_ERROR;
				CLANG_WARN_UNREACHABLE_CODE = YES;
				CLANG_WARN__DUPLICATE_METHOD_MATCH = YES;
				"CODE_SIGN_IDENTITY[sdk=iphoneos*]" = "iPhone Developer";
				COPY_PHASE_STRIP = NO;
				DEBUG_INFORMATION_FORMAT = dwarf;
				ENABLE_STRICT_OBJC_MSGSEND = YES;
				ENABLE_TESTABILITY = YES;
				GCC_C_LANGUAGE_STANDARD = gnu99;
				GCC_DYNAMIC_NO_PIC = NO;
				GCC_NO_COMMON_BLOCKS = YES;
				GCC_OPTIMIZATION_LEVEL = 0;
				GCC_PREPROCESSOR_DEFINITIONS = (
					"DEBUG=1",
					"$(inherited)",
				);
				GCC_WARN_64_TO_32_BIT_CONVERSION = YES;
				GCC_WARN_ABOUT_RETURN_TYPE = YES_ERROR;
				GCC_WARN_UNDECLARED_SELECTOR = YES;
				GCC_WARN_UNINITIALIZED_AUTOS = YES_AGGRESSIVE;
				GCC_WARN_UNUSED_FUNCTION = YES;
				GCC_WARN_UNUSED_VARIABLE = YES;
				IPHONEOS_DEPLOYMENT_TARGET = 9.0;
				MTL_ENABLE_DEBUG_INFO = YES;
				ONLY_ACTIVE_ARCH = YES;
				SDKROOT = iphoneos;
				TARGETED_DEVICE_FAMILY = "1,2";
			};
			name = Debug;
		};
		C1F10AF41BB3D4AB0094CBB1 /* Release */ = {
			isa = XCBuildConfiguration;
			buildSettings = {
				ALWAYS_SEARCH_USER_PATHS = NO;
				CLANG_CXX_LANGUAGE_STANDARD = "gnu++0x";
				CLANG_CXX_LIBRARY = "libc++";
				CLANG_ENABLE_MODULES = YES;
				CLANG_ENABLE_OBJC_ARC = YES;
				CLANG_WARN_BOOL_CONVERSION = YES;
				CLANG_WARN_CONSTANT_CONVERSION = YES;
				CLANG_WARN_DIRECT_OBJC_ISA_USAGE = YES_ERROR;
				CLANG_WARN_EMPTY_BODY = YES;
				CLANG_WARN_ENUM_CONVERSION = YES;
				CLANG_WARN_INT_CONVERSION = YES;
				CLANG_WARN_OBJC_ROOT_CLASS = YES_ERROR;
				CLANG_WARN_UNREACHABLE_CODE = YES;
				CLANG_WARN__DUPLICATE_METHOD_MATCH = YES;
				"CODE_SIGN_IDENTITY[sdk=iphoneos*]" = "iPhone Developer";
				COPY_PHASE_STRIP = NO;
				DEBUG_INFORMATION_FORMAT = "dwarf-with-dsym";
				ENABLE_NS_ASSERTIONS = NO;
				ENABLE_STRICT_OBJC_MSGSEND = YES;
				GCC_C_LANGUAGE_STANDARD = gnu99;
				GCC_NO_COMMON_BLOCKS = YES;
				GCC_WARN_64_TO_32_BIT_CONVERSION = YES;
				GCC_WARN_ABOUT_RETURN_TYPE = YES_ERROR;
				GCC_WARN_UNDECLARED_SELECTOR = YES;
				GCC_WARN_UNINITIALIZED_AUTOS = YES_AGGRESSIVE;
				GCC_WARN_UNUSED_FUNCTION = YES;
				GCC_WARN_UNUSED_VARIABLE = YES;
				IPHONEOS_DEPLOYMENT_TARGET = 9.0;
				MTL_ENABLE_DEBUG_INFO = NO;
				SDKROOT = iphoneos;
				TARGETED_DEVICE_FAMILY = "1,2";
				VALIDATE_PRODUCT = YES;
			};
			name = Release;
		};
		C1F10AF61BB3D4AB0094CBB1 /* Debug */ = {
			isa = XCBuildConfiguration;
			buildSettings = {
				ASSETCATALOG_COMPILER_APPICON_NAME = AppIcon;
				INFOPLIST_FILE = OurTimes/Info.plist;
				LD_RUNPATH_SEARCH_PATHS = "$(inherited) @executable_path/Frameworks";
				PRODUCT_BUNDLE_IDENTIFIER = com.zp901.general.OurTimes;
				PRODUCT_NAME = "$(TARGET_NAME)";
			};
			name = Debug;
		};
		C1F10AF71BB3D4AB0094CBB1 /* Release */ = {
			isa = XCBuildConfiguration;
			buildSettings = {
				ASSETCATALOG_COMPILER_APPICON_NAME = AppIcon;
				INFOPLIST_FILE = OurTimes/Info.plist;
				LD_RUNPATH_SEARCH_PATHS = "$(inherited) @executable_path/Frameworks";
				PRODUCT_BUNDLE_IDENTIFIER = com.zp901.general.OurTimes;
				PRODUCT_NAME = "$(TARGET_NAME)";
			};
			name = Release;
		};
/* End XCBuildConfiguration section */

/* Begin XCConfigurationList section */
		C1F10AD61BB3D4AB0094CBB1 /* Build configuration list for PBXProject "OurTimes" */ = {
			isa = XCConfigurationList;
			buildConfigurations = (
				C1F10AF31BB3D4AB0094CBB1 /* Debug */,
				C1F10AF41BB3D4AB0094CBB1 /* Release */,
			);
			defaultConfigurationIsVisible = 0;
			defaultConfigurationName = Release;
		};
		C1F10AF51BB3D4AB0094CBB1 /* Build configuration list for PBXNativeTarget "OurTimes" */ = {
			isa = XCConfigurationList;
			buildConfigurations = (
				C1F10AF61BB3D4AB0094CBB1 /* Debug */,
				C1F10AF71BB3D4AB0094CBB1 /* Release */,
			);
			defaultConfigurationIsVisible = 0;
			defaultConfigurationName = Release;
		};
/* End XCConfigurationList section */

/* Begin XCVersionGroup section */
		C1F10AEA1BB3D4AB0094CBB1 /* OurTimes.xcdatamodeld */ = {
			isa = XCVersionGroup;
			children = (
				C1F10AEB1BB3D4AB0094CBB1 /* OurTimes.xcdatamodel */,
			);
			currentVersion = C1F10AEB1BB3D4AB0094CBB1 /* OurTimes.xcdatamodel */;
			path = OurTimes.xcdatamodeld;
			sourceTree = "<group>";
			versionGroupType = wrapper.xcdatamodel;
		};
/* End XCVersionGroup section */
	};
	rootObject = C1F10AD31BB3D4AB0094CBB1 /* Project object */;
}
